
Microsoft Visual Studio Solution File, Format Version 12.00
# Visual Studio Version 16
VisualStudioVersion = 16.0.31321.278
MinimumVisualStudioVersion = 10.0.40219.1
Project("{9A19103F-16F7-4668-BE54-9A1E7A4F7556}") = "DHI.Services.Meshes.WebApi", "DHI.Services.Meshes.WebApi\DHI.Services.Meshes.WebApi.csproj", "{366B5AF3-7070-4E42-A544-5BB1A0FB4727}"
EndProject
Project("{9A19103F-16F7-4668-BE54-9A1E7A4F7556}") = "DHI.Services.Meshes.WebApi.Host", "DHI.Services.Meshes.WebApi.Host\DHI.Services.Meshes.WebApi.Host.csproj", "{634682EC-6968-4C12-AECD-461207EF18BC}"
EndProject
Project("{FAE04EC0-301F-11D3-BF4B-00C04F79EFBC}") = "DHI.Services.Meshes.WebApi.Host.Test", "DHI.Services.Meshes.WebApi.Host.Test\DHI.Services.Meshes.WebApi.Host.Test.csproj", "{756DC7BD-D43C-420C-828A-6E7D8A1553F5}"
EndProject
Global
	GlobalSection(SolutionConfigurationPlatforms) = preSolution
		Debug|Any CPU = Debug|Any CPU
		Release|Any CPU = Release|Any CPU
	EndGlobalSection
	GlobalSection(ProjectConfigurationPlatforms) = postSolution
		{366B5AF3-7070-4E42-A544-5BB1A0FB4727}.Debug|Any CPU.ActiveCfg = Debug|Any CPU
		{366B5AF3-7070-4E42-A544-5BB1A0FB4727}.Debug|Any CPU.Build.0 = Debug|Any CPU
		{366B5AF3-7070-4E42-A544-5BB1A0FB4727}.Release|Any CPU.ActiveCfg = Release|Any CPU
		{366B5AF3-7070-4E42-A544-5BB1A0FB4727}.Release|Any CPU.Build.0 = Release|Any CPU
		{634682EC-6968-4C12-AECD-461207EF18BC}.Debug|Any CPU.ActiveCfg = Debug|Any CPU
		{634682EC-6968-4C12-AECD-461207EF18BC}.Debug|Any CPU.Build.0 = Debug|Any CPU
		{634682EC-6968-4C12-AECD-461207EF18BC}.Release|Any CPU.ActiveCfg = Release|Any CPU
		{634682EC-6968-4C12-AECD-461207EF18BC}.Release|Any CPU.Build.0 = Release|Any CPU
		{756DC7BD-D43C-420C-828A-6E7D8A1553F5}.Debug|Any CPU.ActiveCfg = Debug|Any CPU
		{756DC7BD-D43C-420C-828A-6E7D8A1553F5}.Debug|Any CPU.Build.0 = Debug|Any CPU
		{756DC7BD-D43C-420C-828A-6E7D8A1553F5}.Release|Any CPU.ActiveCfg = Release|Any CPU
		{756DC7BD-D43C-420C-828A-6E7D8A1553F5}.Release|Any CPU.Build.0 = Release|Any CPU
	EndGlobalSection
	GlobalSection(SolutionProperties) = preSolution
		HideSolutionNode = FALSE
	EndGlobalSection
	GlobalSection(ExtensibilityGlobals) = postSolution
		SolutionGuid = {5276B917-4D2E-43E5-AFB5-9AB2B4600C4D}
	EndGlobalSection
EndGlobal
