
Microsoft Visual Studio Solution File, Format Version 12.00
# Visual Studio Version 17
VisualStudioVersion = 17.14.36221.1 d17.14
MinimumVisualStudioVersion = 10.0.40219.1
Project("{9A19103F-16F7-4668-BE54-9A1E7A4F7556}") = "DHI.Services.Places.WebApi", "DHI.Services.Places.WebApi\DHI.Services.Places.WebApi.csproj", "{DC5684F5-B580-4237-8424-C405FC2C1950}"
EndProject
Project("{9A19103F-16F7-4668-BE54-9A1E7A4F7556}") = "DHI.Services.Places.WebApi.Test", "DHI.Services.Places.WebApi.Test\DHI.Services.Places.WebApi.Test.csproj", "{D6954870-5EFB-4513-AE8C-7A5C5253D036}"
EndProject
Project("{FAE04EC0-301F-11D3-BF4B-00C04F79EFBC}") = "DHI.Services.Places.WebApi.Host.Test", "DHI.Services.Places.WebApi.Host.Test\DHI.Services.Places.WebApi.Host.Test.csproj", "{4B7F90FD-EA2D-4A90-9EAE-D33F64539594}"
EndProject
Project("{FAE04EC0-301F-11D3-BF4B-00C04F79EFBC}") = "DHI.Services.Places.WebApi.Host", "DHI.Services.Places.WebApi.Host\DHI.Services.Places.WebApi.Host.csproj", "{1760AB05-27CB-EB1B-FF6E-7F3A2E71C4B1}"
EndProject
Global
	GlobalSection(SolutionConfigurationPlatforms) = preSolution
		Debug|Any CPU = Debug|Any CPU
		Release|Any CPU = Release|Any CPU
	EndGlobalSection
	GlobalSection(ProjectConfigurationPlatforms) = postSolution
		{DC5684F5-B580-4237-8424-C405FC2C1950}.Debug|Any CPU.ActiveCfg = Debug|Any CPU
		{DC5684F5-B580-4237-8424-C405FC2C1950}.Debug|Any CPU.Build.0 = Debug|Any CPU
		{DC5684F5-B580-4237-8424-C405FC2C1950}.Release|Any CPU.ActiveCfg = Release|Any CPU
		{DC5684F5-B580-4237-8424-C405FC2C1950}.Release|Any CPU.Build.0 = Release|Any CPU
		{D6954870-5EFB-4513-AE8C-7A5C5253D036}.Debug|Any CPU.ActiveCfg = Debug|Any CPU
		{D6954870-5EFB-4513-AE8C-7A5C5253D036}.Debug|Any CPU.Build.0 = Debug|Any CPU
		{D6954870-5EFB-4513-AE8C-7A5C5253D036}.Release|Any CPU.ActiveCfg = Release|Any CPU
		{D6954870-5EFB-4513-AE8C-7A5C5253D036}.Release|Any CPU.Build.0 = Release|Any CPU
		{4B7F90FD-EA2D-4A90-9EAE-D33F64539594}.Debug|Any CPU.ActiveCfg = Debug|Any CPU
		{4B7F90FD-EA2D-4A90-9EAE-D33F64539594}.Debug|Any CPU.Build.0 = Debug|Any CPU
		{4B7F90FD-EA2D-4A90-9EAE-D33F64539594}.Release|Any CPU.ActiveCfg = Release|Any CPU
		{4B7F90FD-EA2D-4A90-9EAE-D33F64539594}.Release|Any CPU.Build.0 = Release|Any CPU
		{1760AB05-27CB-EB1B-FF6E-7F3A2E71C4B1}.Debug|Any CPU.ActiveCfg = Debug|Any CPU
		{1760AB05-27CB-EB1B-FF6E-7F3A2E71C4B1}.Debug|Any CPU.Build.0 = Debug|Any CPU
		{1760AB05-27CB-EB1B-FF6E-7F3A2E71C4B1}.Release|Any CPU.ActiveCfg = Release|Any CPU
		{1760AB05-27CB-EB1B-FF6E-7F3A2E71C4B1}.Release|Any CPU.Build.0 = Release|Any CPU
	EndGlobalSection
	GlobalSection(SolutionProperties) = preSolution
		HideSolutionNode = FALSE
	EndGlobalSection
	GlobalSection(ExtensibilityGlobals) = postSolution
		SolutionGuid = {C08FDB10-F7D9-4D43-8E56-07E2BF71117E}
	EndGlobalSection
EndGlobal
