
Microsoft Visual Studio Solution File, Format Version 12.00
# Visual Studio Version 17
VisualStudioVersion = 17.5.33530.505
MinimumVisualStudioVersion = 10.0.40219.1
Project("{9A19103F-16F7-4668-BE54-9A1E7A4F7556}") = "DHI.Services.Places", "DHI.Services.Places\DHI.Services.Places.csproj", "{B23DD423-F8D4-4534-99B3-A177B0AD4009}"
EndProject
Project("{9A19103F-16F7-4668-BE54-9A1E7A4F7556}") = "DHI.Services.Places.Test", "DHI.Services.Places.Test\DHI.Services.Places.Test.csproj", "{0A07A255-C3F6-4911-A9D1-41989E380D48}"
EndProject
Global
	GlobalSection(SolutionConfigurationPlatforms) = preSolution
		Debug|Any CPU = Debug|Any CPU
		Release|Any CPU = Release|Any CPU
	EndGlobalSection
	GlobalSection(ProjectConfigurationPlatforms) = postSolution
		{B23DD423-F8D4-4534-99B3-A177B0AD4009}.Debug|Any CPU.ActiveCfg = Debug|Any CPU
		{B23DD423-F8D4-4534-99B3-A177B0AD4009}.Debug|Any CPU.Build.0 = Debug|Any CPU
		{B23DD423-F8D4-4534-99B3-A177B0AD4009}.Release|Any CPU.ActiveCfg = Release|Any CPU
		{B23DD423-F8D4-4534-99B3-A177B0AD4009}.Release|Any CPU.Build.0 = Release|Any CPU
		{0A07A255-C3F6-4911-A9D1-41989E380D48}.Debug|Any CPU.ActiveCfg = Debug|Any CPU
		{0A07A255-C3F6-4911-A9D1-41989E380D48}.Debug|Any CPU.Build.0 = Debug|Any CPU
		{0A07A255-C3F6-4911-A9D1-41989E380D48}.Release|Any CPU.ActiveCfg = Release|Any CPU
		{0A07A255-C3F6-4911-A9D1-41989E380D48}.Release|Any CPU.Build.0 = Release|Any CPU
	EndGlobalSection
	GlobalSection(SolutionProperties) = preSolution
		HideSolutionNode = FALSE
	EndGlobalSection
	GlobalSection(ExtensibilityGlobals) = postSolution
		SolutionGuid = {4F2DFE59-9622-4112-8C92-DD5B7F47E3DA}
	EndGlobalSection
EndGlobal
