
Microsoft Visual Studio Solution File, Format Version 12.00
# Visual Studio 15
VisualStudioVersion = 15.0.28307.572
MinimumVisualStudioVersion = 10.0.40219.1
Project("{9A19103F-16F7-4668-BE54-9A1E7A4F7556}") = "DHI.Services.Rasters.WebApi.Host", "DHI.Services.Rasters.WebApi.Host\DHI.Services.Rasters.WebApi.Host.csproj", "{D26BF893-3E10-45C8-897D-9E4D1EA8FEF3}"
EndProject
Project("{FAE04EC0-301F-11D3-BF4B-00C04F79EFBC}") = "DHI.Services.Rasters.WebApi", "DHI.Services.Rasters.WebApi\DHI.Services.Rasters.WebApi.csproj", "{5D75B28F-8100-4A9D-8F50-58B9EC39090B}"
EndProject
Project("{FAE04EC0-301F-11D3-BF4B-00C04F79EFBC}") = "DHI.Services.Rasters.WebApi.Host.Test", "DHI.Services.Rasters.WebApi.Host.Test\DHI.Services.Rasters.WebApi.Host.Test.csproj", "{DB2D019A-0AD0-4382-A16D-03BF372AE000}"
EndProject
Global
	GlobalSection(SolutionConfigurationPlatforms) = preSolution
		Debug|Any CPU = Debug|Any CPU
		Release|Any CPU = Release|Any CPU
	EndGlobalSection
	GlobalSection(ProjectConfigurationPlatforms) = postSolution
		{D26BF893-3E10-45C8-897D-9E4D1EA8FEF3}.Debug|Any CPU.ActiveCfg = Debug|Any CPU
		{D26BF893-3E10-45C8-897D-9E4D1EA8FEF3}.Debug|Any CPU.Build.0 = Debug|Any CPU
		{D26BF893-3E10-45C8-897D-9E4D1EA8FEF3}.Release|Any CPU.ActiveCfg = Release|Any CPU
		{D26BF893-3E10-45C8-897D-9E4D1EA8FEF3}.Release|Any CPU.Build.0 = Release|Any CPU
		{5D75B28F-8100-4A9D-8F50-58B9EC39090B}.Debug|Any CPU.ActiveCfg = Debug|Any CPU
		{5D75B28F-8100-4A9D-8F50-58B9EC39090B}.Debug|Any CPU.Build.0 = Debug|Any CPU
		{5D75B28F-8100-4A9D-8F50-58B9EC39090B}.Release|Any CPU.ActiveCfg = Release|Any CPU
		{5D75B28F-8100-4A9D-8F50-58B9EC39090B}.Release|Any CPU.Build.0 = Release|Any CPU
		{DB2D019A-0AD0-4382-A16D-03BF372AE000}.Debug|Any CPU.ActiveCfg = Debug|Any CPU
		{DB2D019A-0AD0-4382-A16D-03BF372AE000}.Debug|Any CPU.Build.0 = Debug|Any CPU
		{DB2D019A-0AD0-4382-A16D-03BF372AE000}.Release|Any CPU.ActiveCfg = Release|Any CPU
		{DB2D019A-0AD0-4382-A16D-03BF372AE000}.Release|Any CPU.Build.0 = Release|Any CPU
	EndGlobalSection
	GlobalSection(SolutionProperties) = preSolution
		HideSolutionNode = FALSE
	EndGlobalSection
	GlobalSection(ExtensibilityGlobals) = postSolution
		SolutionGuid = {64919D86-A6FC-4CE8-BE10-7238BACEA7DD}
	EndGlobalSection
EndGlobal
