
Microsoft Visual Studio Solution File, Format Version 12.00
Project("{FAE04EC0-301F-11D3-BF4B-00C04F79EFBC}") = "DHI.Services.Jobs.Automations", "DHI.Services.Jobs.Automations\DHI.Services.Jobs.Automations.csproj", "{EBCE0D95-CC03-4019-90F1-7C31AE1B6791}"
EndProject
Project("{FAE04EC0-301F-11D3-BF4B-00C04F79EFBC}") = "DHI.Services.Jobs.Automations.Test", "DHI.Services.Jobs.Automations.Test\DHI.Services.Jobs.Automations.Test.csproj", "{0D4893F1-70AB-4BA9-BE7E-3E3422284A13}"
EndProject
Global
	GlobalSection(SolutionConfigurationPlatforms) = preSolution
		Debug|Any CPU = Debug|Any CPU
		Release|Any CPU = Release|Any CPU
	EndGlobalSection
	GlobalSection(ProjectConfigurationPlatforms) = postSolution
		{EBCE0D95-CC03-4019-90F1-7C31AE1B6791}.Debug|Any CPU.ActiveCfg = Debug|Any CPU
		{EBCE0D95-CC03-4019-90F1-7C31AE1B6791}.Debug|Any CPU.Build.0 = Debug|Any CPU
		{EBCE0D95-CC03-4019-90F1-7C31AE1B6791}.Release|Any CPU.ActiveCfg = Release|Any CPU
		{EBCE0D95-CC03-4019-90F1-7C31AE1B6791}.Release|Any CPU.Build.0 = Release|Any CPU
		{0D4893F1-70AB-4BA9-BE7E-3E3422284A13}.Debug|Any CPU.ActiveCfg = Debug|Any CPU
		{0D4893F1-70AB-4BA9-BE7E-3E3422284A13}.Debug|Any CPU.Build.0 = Debug|Any CPU
		{0D4893F1-70AB-4BA9-BE7E-3E3422284A13}.Release|Any CPU.ActiveCfg = Release|Any CPU
		{0D4893F1-70AB-4BA9-BE7E-3E3422284A13}.Release|Any CPU.Build.0 = Release|Any CPU
	EndGlobalSection
EndGlobal
