
Microsoft Visual Studio Solution File, Format Version 12.00
# Visual Studio Version 17
VisualStudioVersion = 17.3.32922.545
MinimumVisualStudioVersion = 10.0.40219.1
Project("{9A19103F-16F7-4668-BE54-9A1E7A4F7556}") = "DHI.Services.Jobs.Executer", "DHI.Services.Jobs.Executer\DHI.Services.Jobs.Executer.csproj", "{2BD6CCE0-6969-4A33-88DC-DB89C8E1A783}"
EndProject
Project("{FAE04EC0-301F-11D3-BF4B-00C04F79EFBC}") = "DHI.Services.Jobs.Executer.Test", "DHI.Services.Jobs.Executer.Test\DHI.Services.Jobs.Executer.Test.csproj", "{952CA9FF-51B4-427D-B3F9-AD18AC4FF472}"
EndProject
Global
	GlobalSection(SolutionConfigurationPlatforms) = preSolution
		Debug|Any CPU = Debug|Any CPU
		Release|Any CPU = Release|Any CPU
	EndGlobalSection
	GlobalSection(ProjectConfigurationPlatforms) = postSolution
		{2BD6CCE0-6969-4A33-88DC-DB89C8E1A783}.Debug|Any CPU.ActiveCfg = Debug|Any CPU
		{2BD6CCE0-6969-4A33-88DC-DB89C8E1A783}.Debug|Any CPU.Build.0 = Debug|Any CPU
		{2BD6CCE0-6969-4A33-88DC-DB89C8E1A783}.Release|Any CPU.ActiveCfg = Release|Any CPU
		{2BD6CCE0-6969-4A33-88DC-DB89C8E1A783}.Release|Any CPU.Build.0 = Release|Any CPU
		{952CA9FF-51B4-427D-B3F9-AD18AC4FF472}.Debug|Any CPU.ActiveCfg = Debug|Any CPU
		{952CA9FF-51B4-427D-B3F9-AD18AC4FF472}.Debug|Any CPU.Build.0 = Debug|Any CPU
		{952CA9FF-51B4-427D-B3F9-AD18AC4FF472}.Release|Any CPU.ActiveCfg = Release|Any CPU
		{952CA9FF-51B4-427D-B3F9-AD18AC4FF472}.Release|Any CPU.Build.0 = Release|Any CPU
	EndGlobalSection
	GlobalSection(SolutionProperties) = preSolution
		HideSolutionNode = FALSE
	EndGlobalSection
	GlobalSection(ExtensibilityGlobals) = postSolution
		SolutionGuid = {B01A21D4-EBE7-4882-993A-55E0FFA43F3C}
	EndGlobalSection
EndGlobal
