
Microsoft Visual Studio Solution File, Format Version 12.00
# Visual Studio Version 17
VisualStudioVersion = 17.5.33424.131
MinimumVisualStudioVersion = 10.0.40219.1
Project("{9A19103F-16F7-4668-BE54-9A1E7A4F7556}") = "DHI.Services.Scalars.WebApi", "DHI.Services.Scalars.WebApi\DHI.Services.Scalars.WebApi.csproj", "{44C24399-C1B6-4C5A-AB1F-104A44413B22}"
EndProject
Project("{9A19103F-16F7-4668-BE54-9A1E7A4F7556}") = "DHI.Services.Scalars.WebApi.Host", "DHI.Services.Scalars.WebApi.Host\DHI.Services.Scalars.WebApi.Host.csproj", "{0273AE75-66B4-4EAB-AFB8-B80C63559C3C}"
EndProject
Project("{9A19103F-16F7-4668-BE54-9A1E7A4F7556}") = "DHI.Services.Scalars.WebApi.Host.Test", "DHI.Services.Scalars.WebApi.Host.Test\DHI.Services.Scalars.WebApi.Host.Test.csproj", "{E0991885-6600-4D73-852E-76CFE9D5264F}"
EndProject
Project("{9A19103F-16F7-4668-BE54-9A1E7A4F7556}") = "DHI.Services.Scalars.WebApi.Test", "DHI.Services.Scalars.WebApi.Test\DHI.Services.Scalars.WebApi.Test.csproj", "{24621957-22B9-47CE-B433-AFA0FDD8F574}"
EndProject
Global
	GlobalSection(SolutionConfigurationPlatforms) = preSolution
		Debug|Any CPU = Debug|Any CPU
		Release|Any CPU = Release|Any CPU
	EndGlobalSection
	GlobalSection(ProjectConfigurationPlatforms) = postSolution
		{44C24399-C1B6-4C5A-AB1F-104A44413B22}.Debug|Any CPU.ActiveCfg = Debug|Any CPU
		{44C24399-C1B6-4C5A-AB1F-104A44413B22}.Debug|Any CPU.Build.0 = Debug|Any CPU
		{44C24399-C1B6-4C5A-AB1F-104A44413B22}.Release|Any CPU.ActiveCfg = Release|Any CPU
		{44C24399-C1B6-4C5A-AB1F-104A44413B22}.Release|Any CPU.Build.0 = Release|Any CPU
		{0273AE75-66B4-4EAB-AFB8-B80C63559C3C}.Debug|Any CPU.ActiveCfg = Debug|Any CPU
		{0273AE75-66B4-4EAB-AFB8-B80C63559C3C}.Debug|Any CPU.Build.0 = Debug|Any CPU
		{0273AE75-66B4-4EAB-AFB8-B80C63559C3C}.Release|Any CPU.ActiveCfg = Release|Any CPU
		{0273AE75-66B4-4EAB-AFB8-B80C63559C3C}.Release|Any CPU.Build.0 = Release|Any CPU
		{E0991885-6600-4D73-852E-76CFE9D5264F}.Debug|Any CPU.ActiveCfg = Debug|Any CPU
		{E0991885-6600-4D73-852E-76CFE9D5264F}.Debug|Any CPU.Build.0 = Debug|Any CPU
		{E0991885-6600-4D73-852E-76CFE9D5264F}.Release|Any CPU.ActiveCfg = Release|Any CPU
		{E0991885-6600-4D73-852E-76CFE9D5264F}.Release|Any CPU.Build.0 = Release|Any CPU
		{24621957-22B9-47CE-B433-AFA0FDD8F574}.Debug|Any CPU.ActiveCfg = Debug|Any CPU
		{24621957-22B9-47CE-B433-AFA0FDD8F574}.Debug|Any CPU.Build.0 = Debug|Any CPU
		{24621957-22B9-47CE-B433-AFA0FDD8F574}.Release|Any CPU.ActiveCfg = Release|Any CPU
		{24621957-22B9-47CE-B433-AFA0FDD8F574}.Release|Any CPU.Build.0 = Release|Any CPU
	EndGlobalSection
	GlobalSection(SolutionProperties) = preSolution
		HideSolutionNode = FALSE
	EndGlobalSection
	GlobalSection(ExtensibilityGlobals) = postSolution
		SolutionGuid = {306322B3-AE47-442F-9458-6AC90A9AE29D}
	EndGlobalSection
EndGlobal
