
Microsoft Visual Studio Solution File, Format Version 12.00
# Visual Studio Version 17
VisualStudioVersion = 17.8.34511.84
MinimumVisualStudioVersion = 10.0.40219.1
Project("{FAE04EC0-301F-11D3-BF4B-00C04F79EFBC}") = "AuthorizationServerSample", "AuthorizationServerSample\AuthorizationServerSample.csproj", "{2795DF8A-6356-44B6-AFFB-B8EE87844AC1}"
EndProject
Project("{FAE04EC0-301F-11D3-BF4B-00C04F79EFBC}") = "DHI.Services.Samples.GIS.Shapefile", "DHI.Services.Samples.GIS.Shapefile\DHI.Services.Samples.GIS.Shapefile.csproj", "{53C3AA33-A098-4EF8-8B65-7D454FD1B6E3}"
EndProject
Project("{FAE04EC0-301F-11D3-BF4B-00C04F79EFBC}") = "DHI.Services.Samples.Map", "DHI.Services.Samples.Map\DHI.Services.Samples.Map.csproj", "{A40AECB3-7D33-4F87-85D7-9DBEF91FF7E7}"
EndProject
Project("{FAE04EC0-301F-11D3-BF4B-00C04F79EFBC}") = "DHI.Services.Samples.Physics", "DHI.Services.Samples.Physics\DHI.Services.Samples.Physics.csproj", "{58792A1F-B613-4EC3-BB7A-BF972B1EB35A}"
EndProject
Project("{FAE04EC0-301F-11D3-BF4B-00C04F79EFBC}") = "DHI.Services.Samples.Radar", "DHI.Services.Samples.Radar\DHI.Services.Samples.Radar.csproj", "{AA6C8581-5975-4DF9-809E-FAAC62890F2C}"
EndProject
Project("{FAE04EC0-301F-11D3-BF4B-00C04F79EFBC}") = "DHI.Services.Samples.Spreadsheet", "DHI.Services.Samples.Spreadsheet\DHI.Services.Samples.Spreadsheet.csproj", "{934DC36F-C5A4-4E00-BC6C-B5DCA81DFFF6}"
EndProject
Project("{FAE04EC0-301F-11D3-BF4B-00C04F79EFBC}") = "DHI.Services.Samples.TimeSeries", "DHI.Services.Samples.TimeSeries\DHI.Services.Samples.TimeSeries.csproj", "{6DA191DE-CA08-4123-BFB1-213F013389DF}"
EndProject
Global
	GlobalSection(SolutionConfigurationPlatforms) = preSolution
		Debug|Any CPU = Debug|Any CPU
		Release|Any CPU = Release|Any CPU
	EndGlobalSection
	GlobalSection(ProjectConfigurationPlatforms) = postSolution
		{2795DF8A-6356-44B6-AFFB-B8EE87844AC1}.Debug|Any CPU.ActiveCfg = Debug|Any CPU
		{2795DF8A-6356-44B6-AFFB-B8EE87844AC1}.Debug|Any CPU.Build.0 = Debug|Any CPU
		{2795DF8A-6356-44B6-AFFB-B8EE87844AC1}.Release|Any CPU.ActiveCfg = Release|Any CPU
		{2795DF8A-6356-44B6-AFFB-B8EE87844AC1}.Release|Any CPU.Build.0 = Release|Any CPU
		{53C3AA33-A098-4EF8-8B65-7D454FD1B6E3}.Debug|Any CPU.ActiveCfg = Debug|Any CPU
		{53C3AA33-A098-4EF8-8B65-7D454FD1B6E3}.Debug|Any CPU.Build.0 = Debug|Any CPU
		{53C3AA33-A098-4EF8-8B65-7D454FD1B6E3}.Release|Any CPU.ActiveCfg = Release|Any CPU
		{53C3AA33-A098-4EF8-8B65-7D454FD1B6E3}.Release|Any CPU.Build.0 = Release|Any CPU
		{A40AECB3-7D33-4F87-85D7-9DBEF91FF7E7}.Debug|Any CPU.ActiveCfg = Debug|Any CPU
		{A40AECB3-7D33-4F87-85D7-9DBEF91FF7E7}.Debug|Any CPU.Build.0 = Debug|Any CPU
		{A40AECB3-7D33-4F87-85D7-9DBEF91FF7E7}.Release|Any CPU.ActiveCfg = Release|Any CPU
		{A40AECB3-7D33-4F87-85D7-9DBEF91FF7E7}.Release|Any CPU.Build.0 = Release|Any CPU
		{58792A1F-B613-4EC3-BB7A-BF972B1EB35A}.Debug|Any CPU.ActiveCfg = Debug|Any CPU
		{58792A1F-B613-4EC3-BB7A-BF972B1EB35A}.Debug|Any CPU.Build.0 = Debug|Any CPU
		{58792A1F-B613-4EC3-BB7A-BF972B1EB35A}.Release|Any CPU.ActiveCfg = Release|Any CPU
		{58792A1F-B613-4EC3-BB7A-BF972B1EB35A}.Release|Any CPU.Build.0 = Release|Any CPU
		{AA6C8581-5975-4DF9-809E-FAAC62890F2C}.Debug|Any CPU.ActiveCfg = Debug|Any CPU
		{AA6C8581-5975-4DF9-809E-FAAC62890F2C}.Debug|Any CPU.Build.0 = Debug|Any CPU
		{AA6C8581-5975-4DF9-809E-FAAC62890F2C}.Release|Any CPU.ActiveCfg = Release|Any CPU
		{AA6C8581-5975-4DF9-809E-FAAC62890F2C}.Release|Any CPU.Build.0 = Release|Any CPU
		{934DC36F-C5A4-4E00-BC6C-B5DCA81DFFF6}.Debug|Any CPU.ActiveCfg = Debug|Any CPU
		{934DC36F-C5A4-4E00-BC6C-B5DCA81DFFF6}.Debug|Any CPU.Build.0 = Debug|Any CPU
		{934DC36F-C5A4-4E00-BC6C-B5DCA81DFFF6}.Release|Any CPU.ActiveCfg = Release|Any CPU
		{934DC36F-C5A4-4E00-BC6C-B5DCA81DFFF6}.Release|Any CPU.Build.0 = Release|Any CPU
		{6DA191DE-CA08-4123-BFB1-213F013389DF}.Debug|Any CPU.ActiveCfg = Debug|Any CPU
		{6DA191DE-CA08-4123-BFB1-213F013389DF}.Debug|Any CPU.Build.0 = Debug|Any CPU
		{6DA191DE-CA08-4123-BFB1-213F013389DF}.Release|Any CPU.ActiveCfg = Release|Any CPU
		{6DA191DE-CA08-4123-BFB1-213F013389DF}.Release|Any CPU.Build.0 = Release|Any CPU
	EndGlobalSection
	GlobalSection(SolutionProperties) = preSolution
		HideSolutionNode = FALSE
	EndGlobalSection
	GlobalSection(ExtensibilityGlobals) = postSolution
		SolutionGuid = {614CD1AA-9599-49A6-B332-7386A8C2D859}
	EndGlobalSection
EndGlobal
