
Microsoft Visual Studio Solution File, Format Version 12.00
# Visual Studio 15
VisualStudioVersion = 15.0.28307.572
MinimumVisualStudioVersion = 10.0.40219.1
Project("{FAE04EC0-301F-11D3-BF4B-00C04F79EFBC}") = "DHI.Services.Tables.WebApi", "DHI.Services.Tables.WebApi\DHI.Services.Tables.WebApi.csproj", "{90F05487-E346-4EEC-90C0-5A53A77BEEF5}"
EndProject
Project("{FAE04EC0-301F-11D3-BF4B-00C04F79EFBC}") = "DHI.Services.Tables.WebApi.Host", "DHI.Services.Tables.WebApi.Host\DHI.Services.Tables.WebApi.Host.csproj", "{72FE3323-F34E-4C08-B461-45002D52FBDA}"
EndProject
Project("{FAE04EC0-301F-11D3-BF4B-00C04F79EFBC}") = "DHI.Services.Tables.WebApi.Host.Test", "DHI.Services.Tables.WebApi.Host.Test\DHI.Services.Tables.WebApi.Host.Test.csproj", "{838438DD-928A-420F-AE1C-C24859E9890D}"
EndProject
Global
	GlobalSection(SolutionConfigurationPlatforms) = preSolution
		Debug|Any CPU = Debug|Any CPU
		Release|Any CPU = Release|Any CPU
	EndGlobalSection
	GlobalSection(ProjectConfigurationPlatforms) = postSolution
		{90F05487-E346-4EEC-90C0-5A53A77BEEF5}.Debug|Any CPU.ActiveCfg = Debug|Any CPU
		{90F05487-E346-4EEC-90C0-5A53A77BEEF5}.Debug|Any CPU.Build.0 = Debug|Any CPU
		{90F05487-E346-4EEC-90C0-5A53A77BEEF5}.Release|Any CPU.ActiveCfg = Release|Any CPU
		{90F05487-E346-4EEC-90C0-5A53A77BEEF5}.Release|Any CPU.Build.0 = Release|Any CPU
		{72FE3323-F34E-4C08-B461-45002D52FBDA}.Debug|Any CPU.ActiveCfg = Debug|Any CPU
		{72FE3323-F34E-4C08-B461-45002D52FBDA}.Debug|Any CPU.Build.0 = Debug|Any CPU
		{72FE3323-F34E-4C08-B461-45002D52FBDA}.Release|Any CPU.ActiveCfg = Release|Any CPU
		{72FE3323-F34E-4C08-B461-45002D52FBDA}.Release|Any CPU.Build.0 = Release|Any CPU
		{838438DD-928A-420F-AE1C-C24859E9890D}.Debug|Any CPU.ActiveCfg = Debug|Any CPU
		{838438DD-928A-420F-AE1C-C24859E9890D}.Debug|Any CPU.Build.0 = Debug|Any CPU
		{838438DD-928A-420F-AE1C-C24859E9890D}.Release|Any CPU.ActiveCfg = Release|Any CPU
		{838438DD-928A-420F-AE1C-C24859E9890D}.Release|Any CPU.Build.0 = Release|Any CPU
	EndGlobalSection
	GlobalSection(SolutionProperties) = preSolution
		HideSolutionNode = FALSE
	EndGlobalSection
	GlobalSection(ExtensibilityGlobals) = postSolution
		SolutionGuid = {28341434-1378-4ACB-A13E-B7D625DC215F}
	EndGlobalSection
EndGlobal
