
Microsoft Visual Studio Solution File, Format Version 12.00
# Visual Studio 15
VisualStudioVersion = 15.0.27703.2035
MinimumVisualStudioVersion = 10.0.40219.1
Project("{9A19103F-16F7-4668-BE54-9A1E7A4F7556}") = "DHI.Services.Tables", "DHI.Services.Tables\DHI.Services.Tables.csproj", "{7D4446D4-AE58-4BC4-B733-9F5B5AF9C0A6}"
EndProject
Project("{2150E333-8FDC-42A3-9474-1A3956D46DE8}") = "Solution Items", "Solution Items", "{5CE802B9-F909-4DB1-9926-CFBB91FD44F4}"
	ProjectSection(SolutionItems) = preProject
		DHI.Services.Tables.sln.DotSettings = DHI.Services.Tables.sln.DotSettings
	EndProjectSection
EndProject
Project("{9A19103F-16F7-4668-BE54-9A1E7A4F7556}") = "DHI.Services.Tables.Test", "DHI.Services.Tables.Test\DHI.Services.Tables.Test.csproj", "{E57E1A04-B4D6-4D9E-AAC7-B8F0C8CCDD0E}"
EndProject
Global
	GlobalSection(SolutionConfigurationPlatforms) = preSolution
		Debug|Any CPU = Debug|Any CPU
		Release|Any CPU = Release|Any CPU
	EndGlobalSection
	GlobalSection(ProjectConfigurationPlatforms) = postSolution
		{7D4446D4-AE58-4BC4-B733-9F5B5AF9C0A6}.Debug|Any CPU.ActiveCfg = Debug|Any CPU
		{7D4446D4-AE58-4BC4-B733-9F5B5AF9C0A6}.Debug|Any CPU.Build.0 = Debug|Any CPU
		{7D4446D4-AE58-4BC4-B733-9F5B5AF9C0A6}.Release|Any CPU.ActiveCfg = Release|Any CPU
		{7D4446D4-AE58-4BC4-B733-9F5B5AF9C0A6}.Release|Any CPU.Build.0 = Release|Any CPU
		{E57E1A04-B4D6-4D9E-AAC7-B8F0C8CCDD0E}.Debug|Any CPU.ActiveCfg = Debug|Any CPU
		{E57E1A04-B4D6-4D9E-AAC7-B8F0C8CCDD0E}.Debug|Any CPU.Build.0 = Debug|Any CPU
		{E57E1A04-B4D6-4D9E-AAC7-B8F0C8CCDD0E}.Release|Any CPU.ActiveCfg = Release|Any CPU
		{E57E1A04-B4D6-4D9E-AAC7-B8F0C8CCDD0E}.Release|Any CPU.Build.0 = Release|Any CPU
	EndGlobalSection
	GlobalSection(SolutionProperties) = preSolution
		HideSolutionNode = FALSE
	EndGlobalSection
	GlobalSection(ExtensibilityGlobals) = postSolution
		SolutionGuid = {68DCA7FA-13B8-4D08-A026-124DC07864BB}
	EndGlobalSection
EndGlobal
